// !$*UTF8*$!
{
	archiveVersion = 1;
	classes = {
	};
	objectVersion = 52;
	objects = {

/* Begin PBXBuildFile section */
		1CDD19D326FF18BA006C3BA5 /* MVVMMemoApp.swift in Sources */ = {isa = PBXBuildFile; fileRef = 1CDD19D226FF18BA006C3BA5 /* MVVMMemoApp.swift */; };
		1CDD19D526FF18BA006C3BA5 /* ContentView.swift in Sources */ = {isa = PBXBuildFile; fileRef = 1CDD19D426FF18BA006C3BA5 /* ContentView.swift */; };
		1CDD19D726FF18BD006C3BA5 /* Assets.xcassets in Resources */ = {isa = PBXBuildFile; fileRef = 1CDD19D626FF18BD006C3BA5 /* Assets.xcassets */; };
		1CDD19DA26FF18BD006C3BA5 /* Preview Assets.xcassets in Resources */ = {isa = PBXBuildFile; fileRef = 1CDD19D926FF18BD006C3BA5 /* Preview Assets.xcassets */; };
		1CDD19E326FF1960006C3BA5 /* Realm in Frameworks */ = {isa = PBXBuildFile; productRef = 1CDD19E226FF1960006C3BA5 /* Realm */; };
		1CDD19E526FF1960006C3BA5 /* RealmSwift in Frameworks */ = {isa = PBXBuildFile; productRef = 1CDD19E426FF1960006C3BA5 /* RealmSwift */; };
		1CDD19E726FF198B006C3BA5 /* Model.swift in Sources */ = {isa = PBXBuildFile; fileRef = 1CDD19E626FF198B006C3BA5 /* Model.swift */; };
		1CDD19E926FF19A9006C3BA5 /* ViewModel.swift in Sources */ = {isa = PBXBuildFile; fileRef = 1CDD19E826FF19A9006C3BA5 /* ViewModel.swift */; };
		1CDD19EB26FF19DD006C3BA5 /* MemoListView.swift in Sources */ = {isa = PBXBuildFile; fileRef = 1CDD19EA26FF19DD006C3BA5 /* MemoListView.swift */; };
/* End PBXBuildFile section */

/* Begin PBXFileReference section */
		1CDD19CF26FF18BA006C3BA5 /* MVVMMemo.app */ = {isa = PBXFileReference; explicitFileType = wrapper.application; includeInIndex = 0; path = MVVMMemo.app; sourceTree = BUILT_PRODUCTS_DIR; };
		1CDD19D226FF18BA006C3BA5 /* MVVMMemoApp.swift */ = {isa = PBXFileReference; lastKnownFileType = sourcecode.swift; path = MVVMMemoApp.swift; sourceTree = "<group>"; };
		1CDD19D426FF18BA006C3BA5 /* ContentView.swift */ = {isa = PBXFileReference; lastKnownFileType = sourcecode.swift; path = ContentView.swift; sourceTree = "<group>"; };
		1CDD19D626FF18BD006C3BA5 /* Assets.xcassets */ = {isa = PBXFileReference; lastKnownFileType = folder.assetcatalog; path = Assets.xcassets; sourceTree = "<group>"; };
		1CDD19D926FF18BD006C3BA5 /* Preview Assets.xcassets */ = {isa = PBXFileReference; lastKnownFileType = folder.assetcatalog; path = "Preview Assets.xcassets"; sourceTree = "<group>"; };
		1CDD19DB26FF18BD006C3BA5 /* Info.plist */ = {isa = PBXFileReference; lastKnownFileType = text.plist.xml; path = Info.plist; sourceTree = "<group>"; };
		1CDD19E626FF198B006C3BA5 /* Model.swift */ = {isa = PBXFileReference; lastKnownFileType = sourcecode.swift; path = Model.swift; sourceTree = "<group>"; };
		1CDD19E826FF19A9006C3BA5 /* ViewModel.swift */ = {isa = PBXFileReference; lastKnownFileType = sourcecode.swift; path = ViewModel.swift; sourceTree = "<group>"; };
		1CDD19EA26FF19DD006C3BA5 /* MemoListView.swift */ = {isa = PBXFileReference; lastKnownFileType = sourcecode.swift; path = MemoListView.swift; sourceTree = "<group>"; };
/* End PBXFileReference section */

/* Begin PBXFrameworksBuildPhase section */
		1CDD19CC26FF18BA006C3BA5 /* Frameworks */ = {
			isa = PBXFrameworksBuildPhase;
			buildActionMask = 2147483647;
			files = (
				1CDD19E526FF1960006C3BA5 /* RealmSwift in Frameworks */,
				1CDD19E326FF1960006C3BA5 /* Realm in Frameworks */,
			);
			runOnlyForDeploymentPostprocessing = 0;
		};
/* End PBXFrameworksBuildPhase section */

/* Begin PBXGroup section */
		1CDD19C626FF18BA006C3BA5 = {
			isa = PBXGroup;
			children = (
				1CDD19D126FF18BA006C3BA5 /* MVVMMemo */,
				1CDD19D026FF18BA006C3BA5 /* Products */,
			);
			sourceTree = "<group>";
		};
		1CDD19D026FF18BA006C3BA5 /* Products */ = {
			isa = PBXGroup;
			children = (
				1CDD19CF26FF18BA006C3BA5 /* MVVMMemo.app */,
			);
			name = Products;
			sourceTree = "<group>";
		};
		1CDD19D126FF18BA006C3BA5 /* MVVMMemo */ = {
			isa = PBXGroup;
			children = (
				1CDD19D226FF18BA006C3BA5 /* MVVMMemoApp.swift */,
				1CDD19D426FF18BA006C3BA5 /* ContentView.swift */,
				1CDD19E626FF198B006C3BA5 /* Model.swift */,
				1CDD19E826FF19A9006C3BA5 /* ViewModel.swift */,
				1CDD19EA26FF19DD006C3BA5 /* MemoListView.swift */,
				1CDD19D626FF18BD006C3BA5 /* Assets.xcassets */,
				1CDD19DB26FF18BD006C3BA5 /* Info.plist */,
				1CDD19D826FF18BD006C3BA5 /* Preview Content */,
			);
			path = MVVMMemo;
			sourceTree = "<group>";
		};
		1CDD19D826FF18BD006C3BA5 /* Preview Content */ = {
			isa = PBXGroup;
			children = (
				1CDD19D926FF18BD006C3BA5 /* Preview Assets.xcassets */,
			);
			path = "Preview Content";
			sourceTree = "<group>";
		};
/* End PBXGroup section */

/* Begin PBXNativeTarget section */
		1CDD19CE26FF18BA006C3BA5 /* MVVMMemo */ = {
			isa = PBXNativeTarget;
			buildConfigurationList = 1CDD19DE26FF18BD006C3BA5 /* Build configuration list for PBXNativeTarget "MVVMMemo" */;
			buildPhases = (
				1CDD19CB26FF18BA006C3BA5 /* Sources */,
				1CDD19CC26FF18BA006C3BA5 /* Frameworks */,
				1CDD19CD26FF18BA006C3BA5 /* Resources */,
			);
			buildRules = (
			);
			dependencies = (
			);
			name = MVVMMemo;
			packageProductDependencies = (
				1CDD19E226FF1960006C3BA5 /* Realm */,
				1CDD19E426FF1960006C3BA5 /* RealmSwift */,
			);
			productName = MVVMMemo;
			productReference = 1CDD19CF26FF18BA006C3BA5 /* MVVMMemo.app */;
			productType = "com.apple.product-type.application";
		};
/* End PBXNativeTarget section */

/* Begin PBXProject section */
		1CDD19C726FF18BA006C3BA5 /* Project object */ = {
			isa = PBXProject;
			attributes = {
				LastSwiftUpdateCheck = 1250;
				LastUpgradeCheck = 1250;
				TargetAttributes = {
					1CDD19CE26FF18BA006C3BA5 = {
						CreatedOnToolsVersion = 12.5.1;
					};
				};
			};
			buildConfigurationList = 1CDD19CA26FF18BA006C3BA5 /* Build configuration list for PBXProject "MVVMMemo" */;
			compatibilityVersion = "Xcode 9.3";
			developmentRegion = en;
			hasScannedForEncodings = 0;
			knownRegions = (
				en,
				Base,
			);
			mainGroup = 1CDD19C626FF18BA006C3BA5;
			packageReferences = (
				1CDD19E126FF1960006C3BA5 /* XCRemoteSwiftPackageReference "realm-cocoa" */,
			);
			productRefGroup = 1CDD19D026FF18BA006C3BA5 /* Products */;
			projectDirPath = "";
			projectRoot = "";
			targets = (
				1CDD19CE26FF18BA006C3BA5 /* MVVMMemo */,
			);
		};
/* End PBXProject section */

/* Begin PBXResourcesBuildPhase section */
		1CDD19CD26FF18BA006C3BA5 /* Resources */ = {
			isa = PBXResourcesBuildPhase;
			buildActionMask = 2147483647;
			files = (
				1CDD19DA26FF18BD006C3BA5 /* Preview Assets.xcassets in Resources */,
				1CDD19D726FF18BD006C3BA5 /* Assets.xcassets in Resources */,
			);
			runOnlyForDeploymentPostprocessing = 0;
		};
/* End PBXResourcesBuildPhase section */

/* Begin PBXSourcesBuildPhase section */
		1CDD19CB26FF18BA006C3BA5 /* Sources */ = {
			isa = PBXSourcesBuildPhase;
			buildActionMask = 2147483647;
			files = (
				1CDD19E726FF198B006C3BA5 /* Model.swift in Sources */,
				1CDD19D526FF18BA006C3BA5 /* ContentView.swift in Sources */,
				1CDD19E926FF19A9006C3BA5 /* ViewModel.swift in Sources */,
				1CDD19EB26FF19DD006C3BA5 /* MemoListView.swift in Sources */,
				1CDD19D326FF18BA006C3BA5 /* MVVMMemoApp.swift in Sources */,
			);
			runOnlyForDeploymentPostprocessing = 0;
		};
/* End PBXSourcesBuildPhase section */

/* Begin XCBuildConfiguration section */
		1CDD19DC26FF18BD006C3BA5 /* Debug */ = {
			isa = XCBuildConfiguration;
			buildSettings = {
				ALWAYS_SEARCH_USER_PATHS = NO;
				CLANG_ANALYZER_NONNULL = YES;
				CLANG_ANALYZER_NUMBER_OBJECT_CONVERSION = YES_AGGRESSIVE;
				CLANG_CXX_LANGUAGE_STANDARD = "gnu++14";
				CLANG_CXX_LIBRARY = "libc++";
				CLANG_ENABLE_MODULES = YES;
				CLANG_ENABLE_OBJC_ARC = YES;
				CLANG_ENABLE_OBJC_WEAK = YES;
				CLANG_WARN_BLOCK_CAPTURE_AUTORELEASING = YES;
				CLANG_WARN_BOOL_CONVERSION = YES;
				CLANG_WARN_COMMA = YES;
				CLANG_WARN_CONSTANT_CONVERSION = YES;
				CLANG_WARN_DEPRECATED_OBJC_IMPLEMENTATIONS = YES;
				CLANG_WARN_DIRECT_OBJC_ISA_USAGE = YES_ERROR;
				CLANG_WARN_DOCUMENTATION_COMMENTS = YES;
				CLANG_WARN_EMPTY_BODY = YES;
				CLANG_WARN_ENUM_CONVERSION = YES;
				CLANG_WARN_INFINITE_RECURSION = YES;
				CLANG_WARN_INT_CONVERSION = YES;
				CLANG_WARN_NON_LITERAL_NULL_CONVERSION = YES;
				CLANG_WARN_OBJC_IMPLICIT_RETAIN_SELF = YES;
				CLANG_WARN_OBJC_LITERAL_CONVERSION = YES;
				CLANG_WARN_OBJC_ROOT_CLASS = YES_ERROR;
				CLANG_WARN_QUOTED_INCLUDE_IN_FRAMEWORK_HEADER = YES;
				CLANG_WARN_RANGE_LOOP_ANALYSIS = YES;
				CLANG_WARN_STRICT_PROTOTYPES = YES;
				CLANG_WARN_SUSPICIOUS_MOVE = YES;
				CLANG_WARN_UNGUARDED_AVAILABILITY = YES_AGGRESSIVE;
				CLANG_WARN_UNREACHABLE_CODE = YES;
				CLANG_WARN__DUPLICATE_METHOD_MATCH = YES;
				COPY_PHASE_STRIP = NO;
				DEBUG_INFORMATION_FORMAT = dwarf;
				ENABLE_STRICT_OBJC_MSGSEND = YES;
				ENABLE_TESTABILITY = YES;
				GCC_C_LANGUAGE_STANDARD = gnu11;
				GCC_DYNAMIC_NO_PIC = NO;
				GCC_NO_COMMON_BLOCKS = YES;
				GCC_OPTIMIZATION_LEVEL = 0;
				GCC_PREPROCESSOR_DEFINITIONS = (
					"DEBUG=1",
					"$(inherited)",
				);
				GCC_WARN_64_TO_32_BIT_CONVERSION = YES;
				GCC_WARN_ABOUT_RETURN_TYPE = YES_ERROR;
				GCC_WARN_UNDECLARED_SELECTOR = YES;
				GCC_WARN_UNINITIALIZED_AUTOS = YES_AGGRESSIVE;
				GCC_WARN_UNUSED_FUNCTION = YES;
				GCC_WARN_UNUSED_VARIABLE = YES;
				IPHONEOS_DEPLOYMENT_TARGET = 14.5;
				MTL_ENABLE_DEBUG_INFO = INCLUDE_SOURCE;
				MTL_FAST_MATH = YES;
				ONLY_ACTIVE_ARCH = YES;
				SDKROOT = iphoneos;
				SWIFT_ACTIVE_COMPILATION_CONDITIONS = DEBUG;
				SWIFT_OPTIMIZATION_LEVEL = "-Onone";
			};
			name = Debug;
		};
		1CDD19DD26FF18BD006C3BA5 /* Release */ = {
			isa = XCBuildConfiguration;
			buildSettings = {
				ALWAYS_SEARCH_USER_PATHS = NO;
				CLANG_ANALYZER_NONNULL = YES;
				CLANG_ANALYZER_NUMBER_OBJECT_CONVERSION = YES_AGGRESSIVE;
				CLANG_CXX_LANGUAGE_STANDARD = "gnu++14";
				CLANG_CXX_LIBRARY = "libc++";
				CLANG_ENABLE_MODULES = YES;
				CLANG_ENABLE_OBJC_ARC = YES;
				CLANG_ENABLE_OBJC_WEAK = YES;
				CLANG_WARN_BLOCK_CAPTURE_AUTORELEASING = YES;
				CLANG_WARN_BOOL_CONVERSION = YES;
				CLANG_WARN_COMMA = YES;
				CLANG_WARN_CONSTANT_CONVERSION = YES;
				CLANG_WARN_DEPRECATED_OBJC_IMPLEMENTATIONS = YES;
				CLANG_WARN_DIRECT_OBJC_ISA_USAGE = YES_ERROR;
				CLANG_WARN_DOCUMENTATION_COMMENTS = YES;
				CLANG_WARN_EMPTY_BODY = YES;
				CLANG_WARN_ENUM_CONVERSION = YES;
				CLANG_WARN_INFINITE_RECURSION = YES;
				CLANG_WARN_INT_CONVERSION = YES;
				CLANG_WARN_NON_LITERAL_NULL_CONVERSION = YES;
				CLANG_WARN_OBJC_IMPLICIT_RETAIN_SELF = YES;
				CLANG_WARN_OBJC_LITERAL_CONVERSION = YES;
				CLANG_WARN_OBJC_ROOT_CLASS = YES_ERROR;
				CLANG_WARN_QUOTED_INCLUDE_IN_FRAMEWORK_HEADER = YES;
				CLANG_WARN_RANGE_LOOP_ANALYSIS = YES;
				CLANG_WARN_STRICT_PROTOTYPES = YES;
				CLANG_WARN_SUSPICIOUS_MOVE = YES;
				CLANG_WARN_UNGUARDED_AVAILABILITY = YES_AGGRESSIVE;
				CLANG_WARN_UNREACHABLE_CODE = YES;
				CLANG_WARN__DUPLICATE_METHOD_MATCH = YES;
				COPY_PHASE_STRIP = NO;
				DEBUG_INFORMATION_FORMAT = "dwarf-with-dsym";
				ENABLE_NS_ASSERTIONS = NO;
				ENABLE_STRICT_OBJC_MSGSEND = YES;
				GCC_C_LANGUAGE_STANDARD = gnu11;
				GCC_NO_COMMON_BLOCKS = YES;
				GCC_WARN_64_TO_32_BIT_CONVERSION = YES;
				GCC_WARN_ABOUT_RETURN_TYPE = YES_ERROR;
				GCC_WARN_UNDECLARED_SELECTOR = YES;
				GCC_WARN_UNINITIALIZED_AUTOS = YES_AGGRESSIVE;
				GCC_WARN_UNUSED_FUNCTION = YES;
				GCC_WARN_UNUSED_VARIABLE = YES;
				IPHONEOS_DEPLOYMENT_TARGET = 14.5;
				MTL_ENABLE_DEBUG_INFO = NO;
				MTL_FAST_MATH = YES;
				SDKROOT = iphoneos;
				SWIFT_COMPILATION_MODE = wholemodule;
				SWIFT_OPTIMIZATION_LEVEL = "-O";
				VALIDATE_PRODUCT = YES;
			};
			name = Release;
		};
		1CDD19DF26FF18BD006C3BA5 /* Debug */ = {
			isa = XCBuildConfiguration;
			buildSettings = {
				ASSETCATALOG_COMPILER_APPICON_NAME = AppIcon;
				ASSETCATALOG_COMPILER_GLOBAL_ACCENT_COLOR_NAME = AccentColor;
				CODE_SIGN_STYLE = Automatic;
				DEVELOPMENT_ASSET_PATHS = "\"MVVMMemo/Preview Content\"";
				DEVELOPMENT_TEAM = 4VCYFPDKWQ;
				ENABLE_PREVIEWS = YES;
				INFOPLIST_FILE = MVVMMemo/Info.plist;
				IPHONEOS_DEPLOYMENT_TARGET = 14.0;
				LD_RUNPATH_SEARCH_PATHS = (
					"$(inherited)",
					"@executable_path/Frameworks",
				);
				PRODUCT_BUNDLE_IDENTIFIER = "jp.ne.ezweb.9230-kunichan.MVVMMemo";
				PRODUCT_NAME = "$(TARGET_NAME)";
				SWIFT_VERSION = 5.0;
				TARGETED_DEVICE_FAMILY = "1,2";
			};
			name = Debug;
		};
		1CDD19E026FF18BD006C3BA5 /* Release */ = {
			isa = XCBuildConfiguration;
			buildSettings = {
				ASSETCATALOG_COMPILER_APPICON_NAME = AppIcon;
				ASSETCATALOG_COMPILER_GLOBAL_ACCENT_COLOR_NAME = AccentColor;
				CODE_SIGN_STYLE = Automatic;
				DEVELOPMENT_ASSET_PATHS = "\"MVVMMemo/Preview Content\"";
				DEVELOPMENT_TEAM = 4VCYFPDKWQ;
				ENABLE_PREVIEWS = YES;
				INFOPLIST_FILE = MVVMMemo/Info.plist;
				IPHONEOS_DEPLOYMENT_TARGET = 14.0;
				LD_RUNPATH_SEARCH_PATHS = (
					"$(inherited)",
					"@executable_path/Frameworks",
				);
				PRODUCT_BUNDLE_IDENTIFIER = "jp.ne.ezweb.9230-kunichan.MVVMMemo";
				PRODUCT_NAME = "$(TARGET_NAME)";
				SWIFT_VERSION = 5.0;
				TARGETED_DEVICE_FAMILY = "1,2";
			};
			name = Release;
		};
/* End XCBuildConfiguration section */

/* Begin XCConfigurationList section */
		1CDD19CA26FF18BA006C3BA5 /* Build configuration list for PBXProject "MVVMMemo" */ = {
			isa = XCConfigurationList;
			buildConfigurations = (
				1CDD19DC26FF18BD006C3BA5 /* Debug */,
				1CDD19DD26FF18BD006C3BA5 /* Release */,
			);
			defaultConfigurationIsVisible = 0;
			defaultConfigurationName = Release;
		};
		1CDD19DE26FF18BD006C3BA5 /* Build configuration list for PBXNativeTarget "MVVMMemo" */ = {
			isa = XCConfigurationList;
			buildConfigurations = (
				1CDD19DF26FF18BD006C3BA5 /* Debug */,
				1CDD19E026FF18BD006C3BA5 /* Release */,
			);
			defaultConfigurationIsVisible = 0;
			defaultConfigurationName = Release;
		};
/* End XCConfigurationList section */

/* Begin XCRemoteSwiftPackageReference section */
		1CDD19E126FF1960006C3BA5 /* XCRemoteSwiftPackageReference "realm-cocoa" */ = {
			isa = XCRemoteSwiftPackageReference;
			repositoryURL = "https://github.com/realm/realm-cocoa.git";
			requirement = {
				kind = upToNextMajorVersion;
				minimumVersion = 10.15.1;
			};
		};
/* End XCRemoteSwiftPackageReference section */

/* Begin XCSwiftPackageProductDependency section */
		1CDD19E226FF1960006C3BA5 /* Realm */ = {
			isa = XCSwiftPackageProductDependency;
			package = 1CDD19E126FF1960006C3BA5 /* XCRemoteSwiftPackageReference "realm-cocoa" */;
			productName = Realm;
		};
		1CDD19E426FF1960006C3BA5 /* RealmSwift */ = {
			isa = XCSwiftPackageProductDependency;
			package = 1CDD19E126FF1960006C3BA5 /* XCRemoteSwiftPackageReference "realm-cocoa" */;
			productName = RealmSwift;
		};
/* End XCSwiftPackageProductDependency section */
	};
	rootObject = 1CDD19C726FF18BA006C3BA5 /* Project object */;
}
